
Microsoft Visual Studio Solution File, Format Version 12.00
# Visual Studio Version 16
VisualStudioVersion = 16.0.32901.82
MinimumVisualStudioVersion = 10.0.40219.1
Project("{FAE04EC0-301F-11D3-BF4B-00C04F79EFBC}") = "Lab3", "Lab3\Lab3.csproj", "{7D0DCA7F-C912-456D-B30D-48ED603046E6}"
EndProject
Global
	GlobalSection(SolutionConfigurationPlatforms) = preSolution
		Debug|Any CPU = Debug|Any CPU
		Release|Any CPU = Release|Any CPU
	EndGlobalSection
	GlobalSection(ProjectConfigurationPlatforms) = postSolution
		{7D0DCA7F-C912-456D-B30D-48ED603046E6}.Debug|Any CPU.ActiveCfg = Debug|Any CPU
		{7D0DCA7F-C912-456D-B30D-48ED603046E6}.Debug|Any CPU.Build.0 = Debug|Any CPU
		{7D0DCA7F-C912-456D-B30D-48ED603046E6}.Release|Any CPU.ActiveCfg = Release|Any CPU
		{7D0DCA7F-C912-456D-B30D-48ED603046E6}.Release|Any CPU.Build.0 = Release|Any CPU
	EndGlobalSection
	GlobalSection(SolutionProperties) = preSolution
		HideSolutionNode = FALSE
	EndGlobalSection
	GlobalSection(ExtensibilityGlobals) = postSolution
		SolutionGuid = {CC09DD19-4CB1-47FB-A4B5-20A48F4E3C9C}
	EndGlobalSection
EndGlobal
